
Microsoft Visual Studio Solution File, Format Version 12.00
# Visual Studio Version 16
VisualStudioVersion = 16.0.30225.117
MinimumVisualStudioVersion = 10.0.40219.1
Project("{9A19103F-16F7-4668-BE54-9A1E7A4F7556}") = "ReedExhibitionsRegistrationsTest", "tests\ReedExhibitionsRegistrationsTest\ReedExhibitionsRegistrationsTest.csproj", "{AEA0ECC1-5AEF-495B-A7A3-5F18F31AEBDC}"
EndProject
Project("{9A19103F-16F7-4668-BE54-9A1E7A4F7556}") = "ReedExhibitionsRegistrations", "src\ReedExhibitionsRegistrationsTest\ReedExhibitionsRegistrations.csproj", "{0CDBC601-2607-4D9F-AB0C-E80CF3077533}"
EndProject
Global
	GlobalSection(SolutionConfigurationPlatforms) = preSolution
		Debug|Any CPU = Debug|Any CPU
		Release|Any CPU = Release|Any CPU
	EndGlobalSection
	GlobalSection(ProjectConfigurationPlatforms) = postSolution
		{AEA0ECC1-5AEF-495B-A7A3-5F18F31AEBDC}.Debug|Any CPU.ActiveCfg = Debug|Any CPU
		{AEA0ECC1-5AEF-495B-A7A3-5F18F31AEBDC}.Debug|Any CPU.Build.0 = Debug|Any CPU
		{AEA0ECC1-5AEF-495B-A7A3-5F18F31AEBDC}.Release|Any CPU.ActiveCfg = Release|Any CPU
		{AEA0ECC1-5AEF-495B-A7A3-5F18F31AEBDC}.Release|Any CPU.Build.0 = Release|Any CPU
		{0CDBC601-2607-4D9F-AB0C-E80CF3077533}.Debug|Any CPU.ActiveCfg = Debug|Any CPU
		{0CDBC601-2607-4D9F-AB0C-E80CF3077533}.Debug|Any CPU.Build.0 = Debug|Any CPU
		{0CDBC601-2607-4D9F-AB0C-E80CF3077533}.Release|Any CPU.ActiveCfg = Release|Any CPU
		{0CDBC601-2607-4D9F-AB0C-E80CF3077533}.Release|Any CPU.Build.0 = Release|Any CPU
	EndGlobalSection
	GlobalSection(SolutionProperties) = preSolution
		HideSolutionNode = FALSE
	EndGlobalSection
	GlobalSection(ExtensibilityGlobals) = postSolution
		SolutionGuid = {8A1A8801-CEE9-4DDE-868A-E16297533DC4}
	EndGlobalSection
EndGlobal
